{
  "originHash" : "3c117b01b5f24eda18e26daf0070adcb853ca00eaa00edbc3e0ab2ab12ce2419",
  "pins" : [
    {
      "identity" : "bugsnag-cocoa",
      "kind" : "remoteSourceControl",
      "location" : "https://github.com/bugsnag/bugsnag-cocoa",
      "state" : {
        "revision" : "b29cdabec2f0d396a6a80ca1cfe7ee0bfdf04992",
        "version" : "6.30.1"
      }
    },
    {
      "identity" : "sparkle",
      "kind" : "remoteSourceControl",
      "location" : "https://github.com/sparkle-project/sparkle",
      "state" : {
        "revision" : "47d3d90aee3c52b6f61d04ceae426e607df62347",
        "version" : "2.5.2"
      }
    }
  ],
  "version" : 3
}
