<?xml version="1.0" encoding="utf-8"?>
<Project ToolsVersion="4.0" xmlns="http://schemas.microsoft.com/developer/msbuild/2003">
  <ItemGroup>
    <Filter Include="ContentDownloader">
      <UniqueIdentifier>{4FC737F1-C7A5-4376-A066-2A32D752A2FF}</UniqueIdentifier>
      <Extensions>cpp;c;cc;cxx;def;odl;idl;hpj;bat;asm;asmx</Extensions>
    </Filter>
    <Filter Include="ContentDownloader\Code">
      <UniqueIdentifier>{59f31480-a5ea-4f5e-a49f-659057e2afe4}</UniqueIdentifier>
    </Filter>
    <Filter Include="ContentDownloader\Headers">
      <UniqueIdentifier>{8fd82334-b1bf-4e38-833c-b98470cf4fcd}</UniqueIdentifier>
    </Filter>
    <Filter Include="Common">
      <UniqueIdentifier>{93995380-89BD-4b04-88EB-625FBE52EBFB}</UniqueIdentifier>
      <Extensions>h;hpp;hxx;hm;inl;inc;xsd</Extensions>
    </Filter>
    <Filter Include="Common\Math">
      <UniqueIdentifier>{16d8ce8b-93a0-4f19-b13c-36905127b21c}</UniqueIdentifier>
    </Filter>
    <Filter Include="Common\Code">
      <UniqueIdentifier>{e8275963-7410-4e9f-a801-5b022bba66b0}</UniqueIdentifier>
    </Filter>
    <Filter Include="ContentDecoder">
      <UniqueIdentifier>{67DA6AB6-F800-4c08-8B7A-83BB121AAD01}</UniqueIdentifier>
      <Extensions>rc;ico;cur;bmp;dlg;rc2;rct;bin;rgs;gif;jpg;jpeg;jpe;resx;tiff;tif;png;wav</Extensions>
    </Filter>
    <Filter Include="ContentDecoder\Code">
      <UniqueIdentifier>{bd39a8de-e3b8-4609-bbcd-0689ea2cd3e1}</UniqueIdentifier>
    </Filter>
    <Filter Include="ContentDecoder\Headers">
      <UniqueIdentifier>{921e8fba-88ee-438c-93b3-a0711a260efd}</UniqueIdentifier>
    </Filter>
    <Filter Include="Client">
      <UniqueIdentifier>{8ec07090-3f70-47fb-b9a9-a8d252bcc3ee}</UniqueIdentifier>
    </Filter>
    <Filter Include="Client\Code">
      <UniqueIdentifier>{f057081d-4450-4ef7-924e-a3db80b98198}</UniqueIdentifier>
    </Filter>
    <Filter Include="Client\Headers">
      <UniqueIdentifier>{5bde099f-f601-4a68-a5d3-5bfa67aa31fb}</UniqueIdentifier>
    </Filter>
    <Filter Include="Client\SettingsGUI">
      <UniqueIdentifier>{2b0b1b4b-cee0-4595-a5c3-87d937faf88c}</UniqueIdentifier>
    </Filter>
    <Filter Include="DisplayOutput">
      <UniqueIdentifier>{5eda84c0-acc4-4c73-bf03-416303ebc56a}</UniqueIdentifier>
    </Filter>
    <Filter Include="DisplayOutput\Renderer">
      <UniqueIdentifier>{8cc0b87d-45a9-4f88-9375-6132e691a22a}</UniqueIdentifier>
    </Filter>
    <Filter Include="Networking">
      <UniqueIdentifier>{e83ae6a5-d039-44d4-af4c-b18df9a0f110}</UniqueIdentifier>
    </Filter>
    <Filter Include="TupleStorage">
      <UniqueIdentifier>{214405d8-9f27-415c-ac3d-bd713518b582}</UniqueIdentifier>
    </Filter>
    <Filter Include="Common\Headers">
      <UniqueIdentifier>{c9094536-c2f4-4759-b096-987386c83854}</UniqueIdentifier>
    </Filter>
    <Filter Include="DisplayOutput\D3D11">
      <UniqueIdentifier>{55b5ee93-d357-4b3d-bc19-998a3c9c138d}</UniqueIdentifier>
    </Filter>
  </ItemGroup>
  <ItemGroup>
    <ClCompile Include="..\ContentDownloader\ContentDownloader.cpp">
      <Filter>ContentDownloader\Code</Filter>
    </ClCompile>
    <ClCompile Include="..\Common\Math\Rect.cpp">
      <Filter>Common\Math</Filter>
    </ClCompile>
    <ClCompile Include="..\Common\AlignedBuffer.cpp">
      <Filter>Common\Code</Filter>
    </ClCompile>
    <ClCompile Include="..\Common\Common.cpp">
      <Filter>Common\Code</Filter>
    </ClCompile>
    <ClCompile Include="..\Common\Exception.cpp">
      <Filter>Common\Code</Filter>
    </ClCompile>
    <ClCompile Include="..\Common\Log.cpp">
      <Filter>Common\Code</Filter>
    </ClCompile>
    <ClCompile Include="..\Common\pool.cpp">
      <Filter>Common\Code</Filter>
    </ClCompile>
    <ClCompile Include="..\ContentDecoder\ContentDecoder.cpp">
      <Filter>ContentDecoder\Code</Filter>
    </ClCompile>
    <ClCompile Include="..\Client\Hud.cpp">
      <Filter>Client\Code</Filter>
    </ClCompile>
    <ClCompile Include="..\Client\main.cpp">
      <Filter>Client\Code</Filter>
    </ClCompile>
    <ClCompile Include="msvc_fix.cpp">
      <Filter>Client\Code</Filter>
    </ClCompile>
    <ClCompile Include="..\Client\Player.cpp">
      <Filter>Client\Code</Filter>
    </ClCompile>
    <ClCompile Include="SettingsGUI\config.cpp">
      <Filter>Client\SettingsGUI</Filter>
    </ClCompile>
    <ClCompile Include="SettingsGUI\electricsheepguiMyDialog2.cpp">
      <Filter>Client\SettingsGUI</Filter>
    </ClCompile>
    <ClCompile Include="wxApp_main.cpp">
      <Filter>Client\SettingsGUI</Filter>
    </ClCompile>
    <ClCompile Include="..\DisplayOutput\DisplayOutput.cpp">
      <Filter>DisplayOutput</Filter>
    </ClCompile>
    <ClCompile Include="..\DisplayOutput\Image.cpp">
      <Filter>DisplayOutput</Filter>
    </ClCompile>
    <ClCompile Include="..\DisplayOutput\LoadDDS.cpp">
      <Filter>DisplayOutput</Filter>
    </ClCompile>
    <ClCompile Include="..\DisplayOutput\LoadPNG.cpp">
      <Filter>DisplayOutput</Filter>
    </ClCompile>
    <ClCompile Include="..\DisplayOutput\Renderer\Font.cpp">
      <Filter>DisplayOutput\Renderer</Filter>
    </ClCompile>
    <ClCompile Include="..\DisplayOutput\Renderer\Renderer.cpp">
      <Filter>DisplayOutput\Renderer</Filter>
    </ClCompile>
    <ClCompile Include="..\DisplayOutput\Renderer\Shader.cpp">
      <Filter>DisplayOutput\Renderer</Filter>
    </ClCompile>
    <ClCompile Include="..\DisplayOutput\Renderer\Texture.cpp">
      <Filter>DisplayOutput\Renderer</Filter>
    </ClCompile>
    <ClCompile Include="..\DisplayOutput\Renderer\TextureFlat.cpp">
      <Filter>DisplayOutput\Renderer</Filter>
    </ClCompile>
    <ClCompile Include="..\Networking\Download.cpp">
      <Filter>Networking</Filter>
    </ClCompile>
    <ClCompile Include="..\Networking\Networking.cpp">
      <Filter>Networking</Filter>
    </ClCompile>
    <ClCompile Include="..\Networking\Upload.cpp">
      <Filter>Networking</Filter>
    </ClCompile>
    <ClCompile Include="..\TupleStorage\storage.cpp">
      <Filter>TupleStorage</Filter>
    </ClCompile>
    <ClCompile Include="..\TupleStorage\JSONStorage.cpp">
      <Filter>TupleStorage</Filter>
    </ClCompile>
    <ClCompile Include="..\ContentDecoder\Clip.cpp">
      <Filter>ContentDecoder\Code</Filter>
    </ClCompile>
    <ClCompile Include="..\Networking\EDreamClient.cpp">
      <Filter>Networking</Filter>
    </ClCompile>
    <ClCompile Include="PlatformUtils_win.cpp">
      <Filter>Client\Code</Filter>
    </ClCompile>
    <ClCompile Include="..\DisplayOutput\D3D12\ShaderD3D12.cpp">
      <Filter>ContentDownloader</Filter>
    </ClCompile>
    <ClCompile Include="..\ContentDownloader\CacheManager.cpp">
      <Filter>ContentDownloader\Code</Filter>
    </ClCompile>
    <ClCompile Include="..\ContentDownloader\DreamDownloader.cpp">
      <Filter>ContentDownloader\Code</Filter>
    </ClCompile>
    <ClCompile Include="..\ContentDownloader\PathManager.cpp">
      <Filter>ContentDownloader\Code</Filter>
    </ClCompile>
    <ClCompile Include="..\ContentDownloader\PlaylistManager.cpp">
      <Filter>ContentDownloader\Code</Filter>
    </ClCompile>
    <ClCompile Include="..\ContentDownloader\ServerConfig.cpp">
      <Filter>ContentDownloader\Code</Filter>
    </ClCompile>
    <ClCompile Include="..\ContentDownloader\MessageQueue.cpp">
      <Filter>ContentDownloader\Code</Filter>
    </ClCompile>
    <ClCompile Include="..\DisplayOutput\D3D11\RendererDX11.cpp">
      <Filter>DisplayOutput\D3D11</Filter>
    </ClCompile>
    <ClCompile Include="..\DisplayOutput\D3D11\ShaderDX11.cpp">
      <Filter>DisplayOutput\D3D11</Filter>
    </ClCompile>
    <ClCompile Include="..\DisplayOutput\D3D11\TextureFlatDX11.cpp">
      <Filter>DisplayOutput\D3D11</Filter>
    </ClCompile>
    <ClCompile Include="..\DisplayOutput\D3D11\DisplayDX11.cpp">
      <Filter>DisplayOutput\D3D11</Filter>
    </ClCompile>
  </ItemGroup>
  <ItemGroup>
    <ClInclude Include="..\ContentDownloader\ContentDownloader.h">
      <Filter>ContentDownloader\Headers</Filter>
    </ClInclude>
    <ClInclude Include="resource.h">
      <Filter>Common</Filter>
    </ClInclude>
    <ClInclude Include="..\Common\Math\fastbez.h">
      <Filter>Common\Math</Filter>
    </ClInclude>
    <ClInclude Include="..\Common\Math\Matrix.h">
      <Filter>Common\Math</Filter>
    </ClInclude>
    <ClInclude Include="..\Common\Math\Matrix3x3_x86.h">
      <Filter>Common\Math</Filter>
    </ClInclude>
    <ClInclude Include="..\Common\Math\Matrix4x4_x86.h">
      <Filter>Common\Math</Filter>
    </ClInclude>
    <ClInclude Include="..\Common\Math\MatrixDefs.h">
      <Filter>Common\Math</Filter>
    </ClInclude>
    <ClInclude Include="..\Common\Math\Rect.h">
      <Filter>Common\Math</Filter>
    </ClInclude>
    <ClInclude Include="..\Common\Math\Vector2.h">
      <Filter>Common\Math</Filter>
    </ClInclude>
    <ClInclude Include="..\Common\Math\Vector2_X86.h">
      <Filter>Common\Math</Filter>
    </ClInclude>
    <ClInclude Include="..\Common\Math\Vector3.h">
      <Filter>Common\Math</Filter>
    </ClInclude>
    <ClInclude Include="..\Common\Math\Vector3_X86.h">
      <Filter>Common\Math</Filter>
    </ClInclude>
    <ClInclude Include="..\Common\Math\Vector4.h">
      <Filter>Common\Math</Filter>
    </ClInclude>
    <ClInclude Include="..\Common\Math\Vector4_X86.h">
      <Filter>Common\Math</Filter>
    </ClInclude>
    <ClInclude Include="..\Common\AlignedBuffer.h">
      <Filter>Common\Headers</Filter>
    </ClInclude>
    <ClInclude Include="..\Common\base.h">
      <Filter>Common\Headers</Filter>
    </ClInclude>
    <ClInclude Include="..\Common\clientversion.h">
      <Filter>Common\Headers</Filter>
    </ClInclude>
    <ClInclude Include="..\Common\Common.h">
      <Filter>Common\Headers</Filter>
    </ClInclude>
    <ClInclude Include="..\Common\Exception.h">
      <Filter>Common\Headers</Filter>
    </ClInclude>
    <ClInclude Include="..\Common\linkpool.h">
      <Filter>Common\Headers</Filter>
    </ClInclude>
    <ClInclude Include="..\Common\Log.h">
      <Filter>Common\Headers</Filter>
    </ClInclude>
    <ClInclude Include="..\Common\MathBase.h">
      <Filter>Common\Headers</Filter>
    </ClInclude>
    <ClInclude Include="..\Common\md5.h">
      <Filter>Common\Headers</Filter>
    </ClInclude>
    <ClInclude Include="..\Common\MTimer.h">
      <Filter>Common\Headers</Filter>
    </ClInclude>
    <ClInclude Include="..\Common\pool.h">
      <Filter>Common\Headers</Filter>
    </ClInclude>
    <ClInclude Include="..\Common\ProcessForker.h">
      <Filter>Common\Headers</Filter>
    </ClInclude>
    <ClInclude Include="..\Common\Singleton.h">
      <Filter>Common\Headers</Filter>
    </ClInclude>
    <ClInclude Include="..\Common\SmartPtr.h">
      <Filter>Common\Headers</Filter>
    </ClInclude>
    <ClInclude Include="..\Common\Timer.h">
      <Filter>Common\Headers</Filter>
    </ClInclude>
    <ClInclude Include="..\Common\WTimer.h">
      <Filter>Common\Headers</Filter>
    </ClInclude>
    <ClInclude Include="..\Common\XTimer.h">
      <Filter>Common\Headers</Filter>
    </ClInclude>
    <ClInclude Include="..\ContentDecoder\ContentDecoder.h">
      <Filter>ContentDecoder\Headers</Filter>
    </ClInclude>
    <ClInclude Include="..\ContentDecoder\Frame.h">
      <Filter>ContentDecoder\Headers</Filter>
    </ClInclude>
    <ClInclude Include="..\ContentDecoder\LoopingPlaylist.h">
      <Filter>ContentDecoder\Headers</Filter>
    </ClInclude>
    <ClInclude Include="..\ContentDecoder\Playlist.h">
      <Filter>ContentDecoder\Headers</Filter>
    </ClInclude>
    <ClInclude Include="..\ContentDecoder\SimplePlaylist.h">
      <Filter>ContentDecoder\Headers</Filter>
    </ClInclude>
    <ClInclude Include="..\Client\client.h">
      <Filter>Client\Headers</Filter>
    </ClInclude>
    <ClInclude Include="..\Client\client_win32.h">
      <Filter>Client\Headers</Filter>
    </ClInclude>
    <ClInclude Include="..\Client\Console.h">
      <Filter>Client\Headers</Filter>
    </ClInclude>
    <ClInclude Include="..\Client\CrossFade.h">
      <Filter>Client\Headers</Filter>
    </ClInclude>
    <ClInclude Include="..\Client\CubicFrameDisplay.h">
      <Filter>Client\Headers</Filter>
    </ClInclude>
    <ClInclude Include="..\Client\FrameDisplay.h">
      <Filter>Client\Headers</Filter>
    </ClInclude>
    <ClInclude Include="..\Client\Hud.h">
      <Filter>Client\Headers</Filter>
    </ClInclude>
    <ClInclude Include="..\Client\LinearFrameDisplay.h">
      <Filter>Client\Headers</Filter>
    </ClInclude>
    <ClInclude Include="..\Client\MonoInstance.h">
      <Filter>Client\Headers</Filter>
    </ClInclude>
    <ClInclude Include="msvc_fix.h">
      <Filter>Client\Headers</Filter>
    </ClInclude>
    <ClInclude Include="..\Client\PlayCounter.h">
      <Filter>Client\Headers</Filter>
    </ClInclude>
    <ClInclude Include="..\Client\Player.h">
      <Filter>Client\Headers</Filter>
    </ClInclude>
    <ClInclude Include="..\Client\ServerMessage.h">
      <Filter>Client\Headers</Filter>
    </ClInclude>
    <ClInclude Include="..\Client\Splash.h">
      <Filter>Client\Headers</Filter>
    </ClInclude>
    <ClInclude Include="..\Client\StartupScreen.h">
      <Filter>Client\Headers</Filter>
    </ClInclude>
    <ClInclude Include="..\Client\StatsConsole.h">
      <Filter>Client\Headers</Filter>
    </ClInclude>
    <ClInclude Include="..\DisplayOutput\DisplayOutput.h">
      <Filter>DisplayOutput</Filter>
    </ClInclude>
    <ClInclude Include="..\DisplayOutput\Image.h">
      <Filter>DisplayOutput</Filter>
    </ClInclude>
    <ClInclude Include="..\DisplayOutput\Renderer\Font.h">
      <Filter>DisplayOutput\Renderer</Filter>
    </ClInclude>
    <ClInclude Include="..\DisplayOutput\Renderer\Renderer.h">
      <Filter>DisplayOutput\Renderer</Filter>
    </ClInclude>
    <ClInclude Include="..\DisplayOutput\Renderer\Shader.h">
      <Filter>DisplayOutput\Renderer</Filter>
    </ClInclude>
    <ClInclude Include="..\DisplayOutput\Renderer\Texture.h">
      <Filter>DisplayOutput\Renderer</Filter>
    </ClInclude>
    <ClInclude Include="..\DisplayOutput\Renderer\TextureFlat.h">
      <Filter>DisplayOutput\Renderer</Filter>
    </ClInclude>
    <ClInclude Include="..\Networking\Networking.h">
      <Filter>Networking</Filter>
    </ClInclude>
    <ClInclude Include="..\TupleStorage\Settings.h">
      <Filter>TupleStorage</Filter>
    </ClInclude>
    <ClInclude Include="..\TupleStorage\storage.h">
      <Filter>TupleStorage</Filter>
    </ClInclude>
    <ClInclude Include="cpu_usage_win32.h">
      <Filter>Client\Headers</Filter>
    </ClInclude>
    <ClInclude Include="..\TupleStorage\JSONStorage.h">
      <Filter>TupleStorage</Filter>
    </ClInclude>
    <ClInclude Include="..\ContentDecoder\Clip.h">
      <Filter>ContentDecoder\Headers</Filter>
    </ClInclude>
    <ClInclude Include="..\ContentDownloader\Dream.h">
      <Filter>ContentDownloader\Headers</Filter>
    </ClInclude>
    <ClInclude Include="..\Client\DreamPlaylist.h">
      <Filter>Client\Headers</Filter>
    </ClInclude>
    <ClInclude Include="..\Networking\EDreamClient.h">
      <Filter>Networking</Filter>
    </ClInclude>
    <ClInclude Include="..\Common\JSONUtil.h">
      <Filter>Common\Headers</Filter>
    </ClInclude>
    <ClInclude Include="..\Client\PlatformUtils.h">
      <Filter>Client\Headers</Filter>
    </ClInclude>
    <ClInclude Include="..\DisplayOutput\D3D12\ShaderD3D12.h">
      <Filter>Common</Filter>
    </ClInclude>
    <ClInclude Include="..\MacBuild\OSD.hpp">
      <Filter>Client\Headers</Filter>
    </ClInclude>
    <ClInclude Include="..\ContentDownloader\ServerConfig.h">
      <Filter>ContentDownloader\Headers</Filter>
    </ClInclude>
    <ClInclude Include="..\ContentDownloader\CacheManager.h">
      <Filter>ContentDownloader\Headers</Filter>
    </ClInclude>
    <ClInclude Include="..\ContentDownloader\DreamDownloader.h">
      <Filter>ContentDownloader\Headers</Filter>
    </ClInclude>
    <ClInclude Include="..\ContentDownloader\PathManager.h">
      <Filter>ContentDownloader\Headers</Filter>
    </ClInclude>
    <ClInclude Include="..\ContentDownloader\PlaylistManager.h">
      <Filter>ContentDownloader\Headers</Filter>
    </ClInclude>
    <ClInclude Include="..\ContentDownloader\MessageQueue.h">
      <Filter>ContentDownloader\Headers</Filter>
    </ClInclude>
    <ClInclude Include="..\DisplayOutput\D3D11\RendererDX11.h">
      <Filter>DisplayOutput\D3D11</Filter>
    </ClInclude>
    <ClInclude Include="..\DisplayOutput\D3D11\ShaderDX11.h">
      <Filter>DisplayOutput\D3D11</Filter>
    </ClInclude>
    <ClInclude Include="..\DisplayOutput\D3D11\TextureFlatDX11.h">
      <Filter>DisplayOutput\D3D11</Filter>
    </ClInclude>
    <ClInclude Include="..\DisplayOutput\D3D11\DisplayDX11.h">
      <Filter>DisplayOutput\D3D11</Filter>
    </ClInclude>
  </ItemGroup>
  <ItemGroup>
    <None Include="..\Client\app.ico">
      <Filter>Common</Filter>
    </None>
    <None Include="..\RuntimeMSVC\logo256256.png">
      <Filter>Common</Filter>
    </None>
  </ItemGroup>
  <ItemGroup>
    <ResourceCompile Include="sheepicon.rc">
      <Filter>Common</Filter>
    </ResourceCompile>
  </ItemGroup>
  <ItemGroup>
    <CustomBuildStep Include="SettingsGUI\config.h">
      <Filter>Client\SettingsGUI</Filter>
    </CustomBuildStep>
    <CustomBuildStep Include="SettingsGUI\electricsheepguiMyDialog2.h">
      <Filter>Client\SettingsGUI</Filter>
    </CustomBuildStep>
    <CustomBuildStep Include="wxApp_main.h">
      <Filter>Client\SettingsGUI</Filter>
    </CustomBuildStep>
  </ItemGroup>
</Project>